PODS:
  - Alamofire (3.3.1)
  - Nimble (4.0.1)
  - Quick (0.9.2)
  - SwiftyJSON (2.3.2)
  - Swinject (1.1.1)

DEPENDENCIES:
  - Alamofire (~> 3.3.0)
  - Nimble (= 4.0.1)
  - Quick (= 0.9.2)
  - SwiftyJSON (~> 2.3.1)
  - Swinject (= 1.1.1)

SPEC CHECKSUMS:
  Alamofire: 369bc67b6f5ac33ded3648d7bd21c5bfb91c2ecc
  Nimble: 0f3c8b8b084cda391209c3c5efbb48bedeeb920a
  Quick: 18d057bc66451eedd5d1c8dc99ba2a5db6e60226
  SwiftyJSON: 04ccea08915aa0109039157c7974cf0298da292a
  Swinject: 8c1b46e49c604f8c5c1f45f92ef314d3736bbef4

PODFILE CHECKSUM: d775778dbdab4725302e045d1363ae6ecae5619a

COCOAPODS: 1.0.0.beta.8
